# This file is machine-generated by `gh actions-lock`.
# Do not edit by hand; run `gh actions-lock` to update.
# Docs: https://gh.io/actions-lockfile
version: 'v0.0.2'
workflows:
    '.github/workflows/boj-build.yml':
        - 'actions/checkout@v4.1.7'
    '.github/workflows/casket-pages.yml':
        - 'actions/cache@v4.3.0'
        - 'actions/checkout@v4.1.1'
        - 'actions/configure-pages@v5.0.0'
        - 'actions/deploy-pages@v4.0.5'
        - 'actions/upload-artifact@v4.6.2'
        - 'haskell-actions/setup@v2.7.5'
    '.github/workflows/cflite_batch.yml':
        - 'google/clusterfuzzlite@v1'
    '.github/workflows/cflite_pr.yml':
        - 'google/clusterfuzzlite@v1'
    '.github/workflows/ci.yml':
        - 'actions/checkout@v4.3.1'
    '.github/workflows/codeql.yml':
        - 'actions/checkout@v6.0.2'
        - 'github/codeql-action@v4.34.0'
    '.github/workflows/dependabot-automerge.yml':
        - 'dependabot/fetch-metadata@v2.2.0'
    '.github/workflows/dogfood-gate.yml':
        - 'actions/checkout@v4.3.1'
        - 'hyperpolymath/a2ml-ecosystem@main'
        - 'hyperpolymath/k9-ecosystem@main'
    '.github/workflows/finishingbot.yml':
        - 'actions/checkout@v4.1.1'
        - 'actions/upload-artifact@v4.1.0'
        - 'dtolnay/rust-toolchain@v1'
        - 'swatinem/rust-cache@v2.7.8'
    '.github/workflows/glambot.yml':
        - 'actions/checkout@v4.1.1'
    '.github/workflows/governance.yml': []
    '.github/workflows/hypatia-scan.yml': []
    '.github/workflows/instant-sync.yml':
        - 'peter-evans/repository-dispatch@v3.0.0'
    '.github/workflows/label-triage.yml': []
    '.github/workflows/labels.yml': []
    '.github/workflows/mirror.yml': []
    '.github/workflows/push-email-notify.yml':
        - 'hyperpolymath/smtp-notify-action@v0.2.0'
    '.github/workflows/rhodibot.yml':
        - 'actions/checkout@v4.1.1'
        - 'actions/upload-artifact@v4.1.0'
        - 'dtolnay/rust-toolchain@v1'
        - 'swatinem/rust-cache@v2.7.8'
    '.github/workflows/scorecard.yml': []
    '.github/workflows/seambot.yml':
        - 'actions/checkout@v4.1.1'
        - 'actions/upload-artifact@v4.1.0'
        - 'dtolnay/rust-toolchain@v1'
        - 'swatinem/rust-cache@v2.7.8'
    '.github/workflows/secret-scanner.yml': []
    '.github/workflows/spark-theatre-gate.yml': []
    '.github/workflows/workflow-linter.yml':
        - 'actions/checkout@v4.1.1'
dependencies:
    'actions/cache@v4.3.0':
        ref: 'v4.3.0'
        commit: 'sha1-0057852bfaa89a56745cba8c7296529d2fc39830'
        owner_id: 44036562
        repo_id: 215566462
    'actions/checkout@v4.1.1':
        ref: 'v4.1.1'
        commit: 'sha1-b4ffde65f46336ab88eb53be808477a3936bae11'
        owner_id: 44036562
        repo_id: 197814629
    'actions/checkout@v4.1.7':
        ref: 'v4.1.7'
        commit: 'sha1-692973e3d937129bcbf40652eb9f2f61becf3332'
        owner_id: 44036562
        repo_id: 197814629
    'actions/checkout@v4.3.1':
        ref: 'v4.3.1'
        commit: 'sha1-34e114876b0b11c390a56381ad16ebd13914f8d5'
        owner_id: 44036562
        repo_id: 197814629
    'actions/checkout@v6.0.2':
        ref: 'v6.0.2'
        commit: 'sha1-de0fac2e4500dabe0009e67214ff5f5447ce83dd'
        owner_id: 44036562
        repo_id: 197814629
    'actions/configure-pages@v5.0.0':
        ref: 'v5.0.0'
        commit: 'sha1-983d7736d9b0ae728b81ab479565c72886d7745b'
        owner_id: 44036562
        repo_id: 513659658
    'actions/deploy-pages@v4.0.5':
        ref: 'v4.0.5'
        commit: 'sha1-d6db90164ac5ed86f2b6aed7e0febac5b3c0c03e'
        owner_id: 44036562
        repo_id: 438112499
    'actions/upload-artifact@v4.1.0':
        ref: 'v4.1.0'
        commit: 'sha1-1eb3cb2b3e0f29609092a73eb033bb759a334595'
        owner_id: 44036562
        repo_id: 192625955
    'actions/upload-artifact@v4.6.2':
        ref: 'v4.6.2'
        commit: 'sha1-ea165f8d65b6e75b540449e92b4886f43607fa02'
        owner_id: 44036562
        repo_id: 192625955
    'dependabot/fetch-metadata@v2.2.0':
        ref: 'v2.2.0'
        commit: 'sha1-dbb049abf0d677abbd7f7eee0375145b417fdd34'
        owner_id: 27347476
        repo_id: 371068214
    'dtolnay/rust-toolchain@v1':
        ref: 'v1'
        commit: 'sha1-6c977a6ca4077a0ceb28ffbe03f59d46e9ac8772'
        owner_id: 1940490
        repo_id: 260749683
    'github/codeql-action@v4.34.0':
        ref: 'v4.34.0'
        commit: 'sha1-c6f931105cb2c34c8f901cc885ba1e2e259cf745'
        owner_id: 9919
        repo_id: 259445878
    'google/clusterfuzzlite@v1':
        ref: 'v1'
        commit: 'sha1-884713a6c30a92e5e8544c39945cd7cb630abcd1'
        owner_id: 1342004
        repo_id: 400046858
    'haskell-actions/setup@v2.7.5':
        ref: 'v2.7.5'
        commit: 'sha1-ec49483bfc012387b227434aba94f59a6ecd0900'
        owner_id: 75048950
        repo_id: 623796603
    'hyperpolymath/a2ml-ecosystem@main':
        ref: 'main'
        commit: 'sha1-aa4b836bd969df2bc58128cb8e3d20bbc88d5e79'
        owner_id: 6759885
        repo_id: 1275649586
    'hyperpolymath/k9-ecosystem@main':
        ref: 'main'
        commit: 'sha1-89f3c2702f4f650a92aa7411502f38da06abd562'
        owner_id: 6759885
        repo_id: 1275650185
    'hyperpolymath/smtp-notify-action@v0.2.0':
        ref: 'v0.2.0'
        commit: 'sha1-ede1191ef6ff3ac02c4f4d9efdf837ee517e11d7'
        owner_id: 6759885
        repo_id: 1352485172
    'peter-evans/repository-dispatch@v3.0.0':
        ref: 'v3.0.0'
        commit: 'sha1-ff45666b9427631e3450c54a1bcbee4d9ff4d7c0'
        owner_id: 18365890
        repo_id: 220359305
    'swatinem/rust-cache@v2.7.8':
        ref: 'v2.7.8'
        commit: 'sha1-9d47c6ad4b02e050fd481d890b2ea34778fd09d6'
        owner_id: 580492
        repo_id: 298565987
