# This file is machine-generated by `gh actions-lock`.
# Do not edit by hand; run `gh actions-lock` to update.
# Docs: https://gh.io/actions-lockfile
version: 'v0.0.2'
workflows:
    '.github/workflows/boj-build.yml':
        - 'actions/checkout@v7.0.1'
    '.github/workflows/casket-pages.yml':
        - 'actions/cache@v6.1.0'
        - 'actions/checkout@v7.0.1'
        - 'actions/configure-pages@v6.0.0'
        - 'actions/deploy-pages@v5.0.1'
        - 'actions/upload-artifact@v7.0.1'
        - 'haskell-actions/setup@v2.12.0'
    '.github/workflows/cflite_batch.yml':
        - 'google/clusterfuzzlite@v1'
    '.github/workflows/cflite_pr.yml':
        - 'google/clusterfuzzlite@v1'
    '.github/workflows/ci.yml':
        - 'actions/checkout@v7.0.1'
    '.github/workflows/codeql.yml':
        - 'actions/checkout@v7.0.1'
        - 'github/codeql-action@v4.38.0'
    '.github/workflows/dependabot-automerge.yml':
        - 'dependabot/fetch-metadata@v3.1.0'
    '.github/workflows/dogfood-gate.yml':
        - 'actions/checkout@v7.0.1'
        - 'hyperpolymath/deed-ecosystem@main'
        - 'hyperpolymath/k9-ecosystem@main'
    '.github/workflows/finishingbot.yml':
        - 'actions/checkout@v7.0.1'
        - 'actions/upload-artifact@v7.0.1'
        - 'dtolnay/rust-toolchain@v1'
        - 'swatinem/rust-cache@v2.9.2'
    '.github/workflows/glambot.yml':
        - 'actions/checkout@v7.0.1'
    '.github/workflows/governance.yml': []
    '.github/workflows/hypatia-scan.yml': []
    '.github/workflows/instant-sync.yml':
        - 'peter-evans/repository-dispatch@v4.0.1'
    '.github/workflows/label-triage.yml': []
    '.github/workflows/labels.yml': []
    '.github/workflows/mirror.yml': []
    '.github/workflows/push-email-notify.yml':
        - 'hyperpolymath/smtp-notify-action@v0.3.0'
    '.github/workflows/rhodibot.yml':
        - 'actions/checkout@v7.0.1'
        - 'actions/upload-artifact@v7.0.1'
        - 'dtolnay/rust-toolchain@v1'
        - 'swatinem/rust-cache@v2.9.2'
    '.github/workflows/scorecard.yml': []
    '.github/workflows/seambot.yml':
        - 'actions/checkout@v7.0.1'
        - 'actions/upload-artifact@v7.0.1'
        - 'dtolnay/rust-toolchain@v1'
        - 'swatinem/rust-cache@v2.9.2'
    '.github/workflows/secret-scanner.yml': []
    '.github/workflows/spark-theatre-gate.yml': []
    '.github/workflows/workflow-linter.yml':
        - 'actions/checkout@v7.0.1'
dependencies:
    'actions/cache@v6.1.0':
        ref: 'v6.1.0'
        commit: 'sha1-55cc8345863c7cc4c66a329aec7e433d2d1c52a9'
        owner_id: 44036562
        repo_id: 215566462
    'actions/checkout@v7.0.1':
        ref: 'v7.0.1'
        commit: 'sha1-3d3c42e5aac5ba805825da76410c181273ba90b1'
        owner_id: 44036562
        repo_id: 197814629
    'actions/configure-pages@v6.0.0':
        ref: 'v6.0.0'
        commit: 'sha1-45bfe0192ca1faeb007ade9deae92b16b8254a0d'
        owner_id: 44036562
        repo_id: 513659658
    'actions/deploy-pages@v5.0.1':
        ref: 'v5.0.1'
        commit: 'sha1-368f82528645a54fb793d4d04e342629a3f51346'
        owner_id: 44036562
        repo_id: 438112499
    'actions/upload-artifact@v7.0.1':
        ref: 'v7.0.1'
        commit: 'sha1-043fb46d1a93c77aae656e7c1c64a875d1fc6a0a'
        owner_id: 44036562
        repo_id: 192625955
    'dependabot/fetch-metadata@v3.1.0':
        ref: 'v3.1.0'
        commit: 'sha1-25dd0e34f4fe68f24cc83900b1fe3fe149efef98'
        owner_id: 27347476
        repo_id: 371068214
    'dtolnay/rust-toolchain@v1':
        ref: 'v1'
        commit: 'sha1-02cb101ec7c40f2c49e1d9714d64511d8e1b74de'
        owner_id: 1940490
        repo_id: 260749683
    'github/codeql-action@v4.38.0':
        ref: 'v4.38.0'
        commit: 'sha1-b96794f015dfd88f77b49b1c93e0fa7110f94c63'
        owner_id: 9919
        repo_id: 259445878
    'google/clusterfuzzlite@v1':
        ref: 'v1'
        commit: 'sha1-884713a6c30a92e5e8544c39945cd7cb630abcd1'
        owner_id: 1342004
        repo_id: 400046858
    'haskell-actions/setup@v2.12.0':
        ref: 'v2.12.0'
        commit: 'sha1-6037f33647c3f17758a2356c80fc4a53d7e0685d'
        owner_id: 75048950
        repo_id: 623796603
    'hyperpolymath/deed-ecosystem@main':
        ref: 'main'
        commit: 'sha1-ed83d6927e8fb21431e403dbf6d7a4af96772746'
        owner_id: 6759885
        repo_id: 1275649586
    'hyperpolymath/k9-ecosystem@main':
        ref: 'main'
        commit: 'sha1-c1a34884054fabf0e9de81dbf68f4ba7874e85f1'
        owner_id: 6759885
        repo_id: 1275650185
    'hyperpolymath/smtp-notify-action@v0.3.0':
        ref: 'v0.3.0'
        commit: 'sha1-22e7bdb322c430c1d0dac6b3bb307f4bb139d0be'
        owner_id: 6759885
        repo_id: 1352485172
    'peter-evans/repository-dispatch@v4.0.1':
        ref: 'v4.0.1'
        commit: 'sha1-28959ce8df70de7be546dd1250a005dd32156697'
        owner_id: 18365890
        repo_id: 220359305
    'swatinem/rust-cache@v2.9.2':
        ref: 'v2.9.2'
        commit: 'sha1-6323deb102c322ba6fcbdcafc7e3dddab59af2b6'
        owner_id: 580492
        repo_id: 298565987
    'actions/checkout@3d3c42e5aac5ba805825da76410c181273ba90b1':
        ref: 'v7.0.1'
        commit: 'sha1-3d3c42e5aac5ba805825da76410c181273ba90b1'
        owner_id: 44036562
        repo_id: 197814629
    'dtolnay/rust-toolchain@6c977a6ca4077a0ceb28ffbe03f59d46e9ac8772':
        ref: 'stable'
        commit: 'sha1-6c977a6ca4077a0ceb28ffbe03f59d46e9ac8772'
        owner_id: 1940490
        repo_id: 260749683
    'webfactory/ssh-agent@e83874834305fe9a4a2997156cb26c5de65a8555':
        ref: 'v0.10.0'
        commit: 'sha1-e83874834305fe9a4a2997156cb26c5de65a8555'
        owner_id: 135788
        repo_id: 208510314
